
Microsoft Visual Studio Solution File, Format Version 12.00
# Visual Studio 15
VisualStudioVersion = 15.0.28010.2036
MinimumVisualStudioVersion = 10.0.40219.1
Project("{FAE04EC0-301F-11D3-BF4B-00C04F79EFBC}") = "01. Action Print", "01. Action Print\01. Action Print.csproj", "{D138175A-8AE2-4A72-A63A-87F33ED41A5E}"
EndProject
Project("{FAE04EC0-301F-11D3-BF4B-00C04F79EFBC}") = "02. Knights of Honor", "02. Knights of Honor\02. Knights of Honor.csproj", "{2E76E407-5561-45E7-BE67-FBDA7A38D20D}"
EndProject
Project("{FAE04EC0-301F-11D3-BF4B-00C04F79EFBC}") = "03. Custom Min Func", "03. Custom Min Func\03. Custom Min Func.csproj", "{FBA841B8-3757-410C-8502-E833F688BF5A}"
EndProject
Project("{FAE04EC0-301F-11D3-BF4B-00C04F79EFBC}") = "04. Find Evens Odds", "04. Find Evens Odds\04. Find Evens Odds.csproj", "{E99C477C-096F-41A4-B6AF-8003D4DF3834}"
EndProject
Project("{FAE04EC0-301F-11D3-BF4B-00C04F79EFBC}") = "05. Applied Arithmeti", "05. Applied Arithmeti\05. Applied Arithmeti.csproj", "{FC86616C-362C-4788-A780-4AE43C745B20}"
EndProject
Project("{FAE04EC0-301F-11D3-BF4B-00C04F79EFBC}") = "06. Reverse Exclude", "06. Reverse Exclude\06. Reverse Exclude.csproj", "{4D270B29-FFB5-4DBF-9C01-AFCB100C567F}"
EndProject
Project("{FAE04EC0-301F-11D3-BF4B-00C04F79EFBC}") = "07. Predicate Names", "07. Predicate Names\07. Predicate Names.csproj", "{5AD13711-BF25-4A21-9673-EC5572536B5F}"
EndProject
Project("{FAE04EC0-301F-11D3-BF4B-00C04F79EFBC}") = "08. Custom Comparator", "08. Custom Comparator\08. Custom Comparator.csproj", "{64639294-E55F-4360-AE04-DAE689CB767D}"
EndProject
Project("{FAE04EC0-301F-11D3-BF4B-00C04F79EFBC}") = "09. List Predicates", "09. List Predicates\09. List Predicates.csproj", "{C374DA77-921D-4C56-9735-5C5350E63EE5}"
EndProject
Project("{FAE04EC0-301F-11D3-BF4B-00C04F79EFBC}") = "10. Predicate Party!", "10. Predicate Party!\10. Predicate Party!.csproj", "{0E4E4AB2-43D1-47B7-811C-8B37858C502F}"
EndProject
Global
	GlobalSection(SolutionConfigurationPlatforms) = preSolution
		Debug|Any CPU = Debug|Any CPU
		Release|Any CPU = Release|Any CPU
	EndGlobalSection
	GlobalSection(ProjectConfigurationPlatforms) = postSolution
		{D138175A-8AE2-4A72-A63A-87F33ED41A5E}.Debug|Any CPU.ActiveCfg = Debug|Any CPU
		{D138175A-8AE2-4A72-A63A-87F33ED41A5E}.Debug|Any CPU.Build.0 = Debug|Any CPU
		{D138175A-8AE2-4A72-A63A-87F33ED41A5E}.Release|Any CPU.ActiveCfg = Release|Any CPU
		{D138175A-8AE2-4A72-A63A-87F33ED41A5E}.Release|Any CPU.Build.0 = Release|Any CPU
		{2E76E407-5561-45E7-BE67-FBDA7A38D20D}.Debug|Any CPU.ActiveCfg = Debug|Any CPU
		{2E76E407-5561-45E7-BE67-FBDA7A38D20D}.Debug|Any CPU.Build.0 = Debug|Any CPU
		{2E76E407-5561-45E7-BE67-FBDA7A38D20D}.Release|Any CPU.ActiveCfg = Release|Any CPU
		{2E76E407-5561-45E7-BE67-FBDA7A38D20D}.Release|Any CPU.Build.0 = Release|Any CPU
		{FBA841B8-3757-410C-8502-E833F688BF5A}.Debug|Any CPU.ActiveCfg = Debug|Any CPU
		{FBA841B8-3757-410C-8502-E833F688BF5A}.Debug|Any CPU.Build.0 = Debug|Any CPU
		{FBA841B8-3757-410C-8502-E833F688BF5A}.Release|Any CPU.ActiveCfg = Release|Any CPU
		{FBA841B8-3757-410C-8502-E833F688BF5A}.Release|Any CPU.Build.0 = Release|Any CPU
		{E99C477C-096F-41A4-B6AF-8003D4DF3834}.Debug|Any CPU.ActiveCfg = Debug|Any CPU
		{E99C477C-096F-41A4-B6AF-8003D4DF3834}.Debug|Any CPU.Build.0 = Debug|Any CPU
		{E99C477C-096F-41A4-B6AF-8003D4DF3834}.Release|Any CPU.ActiveCfg = Release|Any CPU
		{E99C477C-096F-41A4-B6AF-8003D4DF3834}.Release|Any CPU.Build.0 = Release|Any CPU
		{FC86616C-362C-4788-A780-4AE43C745B20}.Debug|Any CPU.ActiveCfg = Debug|Any CPU
		{FC86616C-362C-4788-A780-4AE43C745B20}.Debug|Any CPU.Build.0 = Debug|Any CPU
		{FC86616C-362C-4788-A780-4AE43C745B20}.Release|Any CPU.ActiveCfg = Release|Any CPU
		{FC86616C-362C-4788-A780-4AE43C745B20}.Release|Any CPU.Build.0 = Release|Any CPU
		{4D270B29-FFB5-4DBF-9C01-AFCB100C567F}.Debug|Any CPU.ActiveCfg = Debug|Any CPU
		{4D270B29-FFB5-4DBF-9C01-AFCB100C567F}.Debug|Any CPU.Build.0 = Debug|Any CPU
		{4D270B29-FFB5-4DBF-9C01-AFCB100C567F}.Release|Any CPU.ActiveCfg = Release|Any CPU
		{4D270B29-FFB5-4DBF-9C01-AFCB100C567F}.Release|Any CPU.Build.0 = Release|Any CPU
		{5AD13711-BF25-4A21-9673-EC5572536B5F}.Debug|Any CPU.ActiveCfg = Debug|Any CPU
		{5AD13711-BF25-4A21-9673-EC5572536B5F}.Debug|Any CPU.Build.0 = Debug|Any CPU
		{5AD13711-BF25-4A21-9673-EC5572536B5F}.Release|Any CPU.ActiveCfg = Release|Any CPU
		{5AD13711-BF25-4A21-9673-EC5572536B5F}.Release|Any CPU.Build.0 = Release|Any CPU
		{64639294-E55F-4360-AE04-DAE689CB767D}.Debug|Any CPU.ActiveCfg = Debug|Any CPU
		{64639294-E55F-4360-AE04-DAE689CB767D}.Debug|Any CPU.Build.0 = Debug|Any CPU
		{64639294-E55F-4360-AE04-DAE689CB767D}.Release|Any CPU.ActiveCfg = Release|Any CPU
		{64639294-E55F-4360-AE04-DAE689CB767D}.Release|Any CPU.Build.0 = Release|Any CPU
		{C374DA77-921D-4C56-9735-5C5350E63EE5}.Debug|Any CPU.ActiveCfg = Debug|Any CPU
		{C374DA77-921D-4C56-9735-5C5350E63EE5}.Debug|Any CPU.Build.0 = Debug|Any CPU
		{C374DA77-921D-4C56-9735-5C5350E63EE5}.Release|Any CPU.ActiveCfg = Release|Any CPU
		{C374DA77-921D-4C56-9735-5C5350E63EE5}.Release|Any CPU.Build.0 = Release|Any CPU
		{0E4E4AB2-43D1-47B7-811C-8B37858C502F}.Debug|Any CPU.ActiveCfg = Debug|Any CPU
		{0E4E4AB2-43D1-47B7-811C-8B37858C502F}.Debug|Any CPU.Build.0 = Debug|Any CPU
		{0E4E4AB2-43D1-47B7-811C-8B37858C502F}.Release|Any CPU.ActiveCfg = Release|Any CPU
		{0E4E4AB2-43D1-47B7-811C-8B37858C502F}.Release|Any CPU.Build.0 = Release|Any CPU
	EndGlobalSection
	GlobalSection(SolutionProperties) = preSolution
		HideSolutionNode = FALSE
	EndGlobalSection
	GlobalSection(ExtensibilityGlobals) = postSolution
		SolutionGuid = {85EA1287-8E96-4010-85D9-6F1498459FE1}
	EndGlobalSection
EndGlobal
