
Microsoft Visual Studio Solution File, Format Version 12.00
# Visual Studio 15
VisualStudioVersion = 15.0.28010.2036
MinimumVisualStudioVersion = 10.0.40219.1
Project("{FAE04EC0-301F-11D3-BF4B-00C04F79EFBC}") = "01. Sort Even Numbers", "01. Sort Even Numbers\01. Sort Even Numbers.csproj", "{1EBD3023-0B08-4222-9D87-568129645A65}"
EndProject
Project("{FAE04EC0-301F-11D3-BF4B-00C04F79EFBC}") = "02. Sum Numbers", "02. Sum Numbers\02. Sum Numbers.csproj", "{7E49104E-23E6-4AC8-A704-35E076990BE8}"
EndProject
Project("{FAE04EC0-301F-11D3-BF4B-00C04F79EFBC}") = "03. Count Uppercase Words", "03. Count Uppercase Words\03. Count Uppercase Words.csproj", "{B3655346-714F-470D-BA85-98C235CDAE31}"
EndProject
Project("{FAE04EC0-301F-11D3-BF4B-00C04F79EFBC}") = "04. Add VAT", "04. Add VAT\04. Add VAT.csproj", "{F6CD96BF-7816-4F53-AD1C-68B9BCFF90C4}"
EndProject
Project("{FAE04EC0-301F-11D3-BF4B-00C04F79EFBC}") = "05. Filter By Age", "05. Filter By Age\05. Filter By Age.csproj", "{B90BACF1-0FE7-4DE7-930E-0F26D562DEC9}"
EndProject
Global
	GlobalSection(SolutionConfigurationPlatforms) = preSolution
		Debug|Any CPU = Debug|Any CPU
		Release|Any CPU = Release|Any CPU
	EndGlobalSection
	GlobalSection(ProjectConfigurationPlatforms) = postSolution
		{1EBD3023-0B08-4222-9D87-568129645A65}.Debug|Any CPU.ActiveCfg = Debug|Any CPU
		{1EBD3023-0B08-4222-9D87-568129645A65}.Debug|Any CPU.Build.0 = Debug|Any CPU
		{1EBD3023-0B08-4222-9D87-568129645A65}.Release|Any CPU.ActiveCfg = Release|Any CPU
		{1EBD3023-0B08-4222-9D87-568129645A65}.Release|Any CPU.Build.0 = Release|Any CPU
		{7E49104E-23E6-4AC8-A704-35E076990BE8}.Debug|Any CPU.ActiveCfg = Debug|Any CPU
		{7E49104E-23E6-4AC8-A704-35E076990BE8}.Debug|Any CPU.Build.0 = Debug|Any CPU
		{7E49104E-23E6-4AC8-A704-35E076990BE8}.Release|Any CPU.ActiveCfg = Release|Any CPU
		{7E49104E-23E6-4AC8-A704-35E076990BE8}.Release|Any CPU.Build.0 = Release|Any CPU
		{B3655346-714F-470D-BA85-98C235CDAE31}.Debug|Any CPU.ActiveCfg = Debug|Any CPU
		{B3655346-714F-470D-BA85-98C235CDAE31}.Debug|Any CPU.Build.0 = Debug|Any CPU
		{B3655346-714F-470D-BA85-98C235CDAE31}.Release|Any CPU.ActiveCfg = Release|Any CPU
		{B3655346-714F-470D-BA85-98C235CDAE31}.Release|Any CPU.Build.0 = Release|Any CPU
		{F6CD96BF-7816-4F53-AD1C-68B9BCFF90C4}.Debug|Any CPU.ActiveCfg = Debug|Any CPU
		{F6CD96BF-7816-4F53-AD1C-68B9BCFF90C4}.Debug|Any CPU.Build.0 = Debug|Any CPU
		{F6CD96BF-7816-4F53-AD1C-68B9BCFF90C4}.Release|Any CPU.ActiveCfg = Release|Any CPU
		{F6CD96BF-7816-4F53-AD1C-68B9BCFF90C4}.Release|Any CPU.Build.0 = Release|Any CPU
		{B90BACF1-0FE7-4DE7-930E-0F26D562DEC9}.Debug|Any CPU.ActiveCfg = Debug|Any CPU
		{B90BACF1-0FE7-4DE7-930E-0F26D562DEC9}.Debug|Any CPU.Build.0 = Debug|Any CPU
		{B90BACF1-0FE7-4DE7-930E-0F26D562DEC9}.Release|Any CPU.ActiveCfg = Release|Any CPU
		{B90BACF1-0FE7-4DE7-930E-0F26D562DEC9}.Release|Any CPU.Build.0 = Release|Any CPU
	EndGlobalSection
	GlobalSection(SolutionProperties) = preSolution
		HideSolutionNode = FALSE
	EndGlobalSection
	GlobalSection(ExtensibilityGlobals) = postSolution
		SolutionGuid = {26885992-3B96-4957-9718-FCF18C4B2D1F}
	EndGlobalSection
EndGlobal
