
Microsoft Visual Studio Solution File, Format Version 12.00
# Visual Studio 15
VisualStudioVersion = 15.0.28010.2048
MinimumVisualStudioVersion = 10.0.40219.1
Project("{9A19103F-16F7-4668-BE54-9A1E7A4F7556}") = "01. Vehicles", "01. Vehicles\01. Vehicles.csproj", "{60E91E6F-2814-41E5-AECC-B73177D833DC}"
EndProject
Project("{9A19103F-16F7-4668-BE54-9A1E7A4F7556}") = "02. Vehicles Extension", "02. Vehicles Extension\02. Vehicles Extension.csproj", "{B7B9DAD0-6B60-4AE2-A945-5A6BBF1A0D6C}"
EndProject
Project("{FAE04EC0-301F-11D3-BF4B-00C04F79EFBC}") = "03. Wild Farm", "03. Wild Farm\03. Wild Farm.csproj", "{F13A90E3-F468-4DF0-93FD-2FA694680FD9}"
EndProject
Global
	GlobalSection(SolutionConfigurationPlatforms) = preSolution
		Debug|Any CPU = Debug|Any CPU
		Release|Any CPU = Release|Any CPU
	EndGlobalSection
	GlobalSection(ProjectConfigurationPlatforms) = postSolution
		{60E91E6F-2814-41E5-AECC-B73177D833DC}.Debug|Any CPU.ActiveCfg = Debug|Any CPU
		{60E91E6F-2814-41E5-AECC-B73177D833DC}.Debug|Any CPU.Build.0 = Debug|Any CPU
		{60E91E6F-2814-41E5-AECC-B73177D833DC}.Release|Any CPU.ActiveCfg = Release|Any CPU
		{60E91E6F-2814-41E5-AECC-B73177D833DC}.Release|Any CPU.Build.0 = Release|Any CPU
		{B7B9DAD0-6B60-4AE2-A945-5A6BBF1A0D6C}.Debug|Any CPU.ActiveCfg = Debug|Any CPU
		{B7B9DAD0-6B60-4AE2-A945-5A6BBF1A0D6C}.Debug|Any CPU.Build.0 = Debug|Any CPU
		{B7B9DAD0-6B60-4AE2-A945-5A6BBF1A0D6C}.Release|Any CPU.ActiveCfg = Release|Any CPU
		{B7B9DAD0-6B60-4AE2-A945-5A6BBF1A0D6C}.Release|Any CPU.Build.0 = Release|Any CPU
		{F13A90E3-F468-4DF0-93FD-2FA694680FD9}.Debug|Any CPU.ActiveCfg = Debug|Any CPU
		{F13A90E3-F468-4DF0-93FD-2FA694680FD9}.Debug|Any CPU.Build.0 = Debug|Any CPU
		{F13A90E3-F468-4DF0-93FD-2FA694680FD9}.Release|Any CPU.ActiveCfg = Release|Any CPU
		{F13A90E3-F468-4DF0-93FD-2FA694680FD9}.Release|Any CPU.Build.0 = Release|Any CPU
	EndGlobalSection
	GlobalSection(SolutionProperties) = preSolution
		HideSolutionNode = FALSE
	EndGlobalSection
	GlobalSection(ExtensibilityGlobals) = postSolution
		SolutionGuid = {47D27704-7B26-49CB-A706-4637E2698AB6}
	EndGlobalSection
EndGlobal
